
Microsoft Visual Studio Solution File, Format Version 12.00
# Visual Studio Version 16
VisualStudioVersion = 16.0.30717.126
MinimumVisualStudioVersion = 10.0.40219.1
Project("{FAE04EC0-301F-11D3-BF4B-00C04F79EFBC}") = "Rotate", "Rotate.csproj", "{87B6088F-0015-4130-96E1-08F49B96B1B2}"
EndProject
Global
	GlobalSection(SolutionConfigurationPlatforms) = preSolution
		Debug|Any CPU = Debug|Any CPU
		Release|Any CPU = Release|Any CPU
	EndGlobalSection
	GlobalSection(ProjectConfigurationPlatforms) = postSolution
		{87B6088F-0015-4130-96E1-08F49B96B1B2}.Debug|Any CPU.ActiveCfg = Debug|Any CPU
		{87B6088F-0015-4130-96E1-08F49B96B1B2}.Debug|Any CPU.Build.0 = Debug|Any CPU
		{87B6088F-0015-4130-96E1-08F49B96B1B2}.Release|Any CPU.ActiveCfg = Release|Any CPU
		{87B6088F-0015-4130-96E1-08F49B96B1B2}.Release|Any CPU.Build.0 = Release|Any CPU
	EndGlobalSection
	GlobalSection(SolutionProperties) = preSolution
		HideSolutionNode = FALSE
	EndGlobalSection
	GlobalSection(ExtensibilityGlobals) = postSolution
		SolutionGuid = {C969E541-8418-49EC-B77B-1E681DBFF7C1}
	EndGlobalSection
EndGlobal
